{
  "name": "@mikaello/gpxfaketimer",
  "version": "0.0.4",
  "lockfileVersion": 3,
  "requires": true,
  "packages": {
    "": {
      "name": "@mikaello/gpxfaketimer",
      "version": "0.0.4",
      "license": "GPL-3.0",
      "devDependencies": {
        "@xmldom/xmldom": "^0.9.9",
        "typescript": "5.9.3"
      }
    },
    "node_modules/@xmldom/xmldom": {
      "version": "0.9.9",
      "resolved": "https://registry.npmjs.org/@xmldom/xmldom/-/xmldom-0.9.9.tgz",
      "integrity": "sha512-qycIHAucxy/LXAYIjmLmtQ8q9GPnMbnjG1KXhWm9o5sCr6pOYDATkMPiTNa6/v8eELyqOQ2FsEqeoFYmgv/gJg==",
      "dev": true,
      "license": "MIT",
      "engines": {
        "node": ">=14.6"
      }
    },
    "node_modules/typescript": {
      "version": "5.9.3",
      "resolved": "https://registry.npmjs.org/typescript/-/typescript-5.9.3.tgz",
      "integrity": "sha512-jl1vZzPDinLr9eUt3J/t7V6FgNEw9QjvBPdysz9KfQDD41fQrC2Y4vKQdiaUpFT4bXlb1RHhLpp8wtm6M5TgSw==",
      "dev": true,
      "license": "Apache-2.0",
      "bin": {
        "tsc": "bin/tsc",
        "tsserver": "bin/tsserver"
      },
      "engines": {
        "node": ">=14.17"
      }
    }
  }
}
